PODS:
  - ACFloatingTextfield-Swift (1.7)
  - AFImageHelper (3.2.1)
  - Alamofire (4.6.0)
  - AlamofireImage (3.3.0):
    - Alamofire (~> 4.5)
  - Crashlytics (3.10.0):
    - Fabric (~> 1.7.3)
  - Fabric (1.7.3)
  - FXBlurView (1.6.4)
  - IQKeyboardManager (5.0.7)
  - NSDate+TimeAgo (1.0.6)
  - Sheriff (0.3.2)
  - SwiftGifOrigin (1.6.1)
  - SwiftMoment (0.7)
  - SwiftValidators (7.0.3)
  - SZTextView (1.3.0)
  - TLTagsControl (1.0.0)

DEPENDENCIES:
  - ACFloatingTextfield-Swift (~> 1.7)
  - AFImageHelper
  - Alamofire
  - AlamofireImage
  - Crashlytics
  - Fabric
  - FXBlurView
  - IQKeyboardManager
  - NSDate+TimeAgo
  - Sheriff
  - SwiftGifOrigin (~> 1.6.1)
  - SwiftMoment (from `https://github.com/danielyang112/SwiftMoment.git`)
  - SwiftValidators
  - SZTextView
  - TLTagsControl (from `https://github.com/danielyang112/TLTagsControl.git`)

EXTERNAL SOURCES:
  SwiftMoment:
    :git: https://github.com/danielyang112/SwiftMoment.git
  TLTagsControl:
    :git: https://github.com/danielyang112/TLTagsControl.git

CHECKOUT OPTIONS:
  SwiftMoment:
    :commit: afe8ee1cfc2742fcb505483fe8f4d8ae2d53be8f
    :git: https://github.com/danielyang112/SwiftMoment.git
  TLTagsControl:
    :commit: 872997c0b69c8ab3eda9e4f9715b0ebb734135bd
    :git: https://github.com/danielyang112/TLTagsControl.git

SPEC CHECKSUMS:
  ACFloatingTextfield-Swift: df075d5ed5d441d8603f985fc106ec7ebe0c673f
  AFImageHelper: 9142599fb4f826b480d177902ab7f0c961bc966c
  Alamofire: f41a599bd63041760b26d393ec1069d9d7b917f4
  AlamofireImage: 2e784dc5d00f04903a52c1d169181469c805c3df
  Crashlytics: a989ef242b66605577a425733797f810bd2725eb
  Fabric: bb495bb9a7a7677c6d03a1f8b83d95bc49b47e41
  FXBlurView: db786c2561cb49a09ae98407f52460096ab8a44f
  IQKeyboardManager: 0bfa4607d39924116b5c0c8b55b5d789288b5cba
  NSDate+TimeAgo: 35601c619b2d59290055e4fe76e61d97677a2360
  Sheriff: d3d03fe6d35aa781e3f42d48f3fb53ed7d04958d
  SwiftGifOrigin: d6679d3ebe9df2e049a84bc52582635107b581f6
  SwiftMoment: dc6dd27012e267819104cbb03f74ff9192dd0b42
  SwiftValidators: 660ce9ef3f0358c25c3a6154f7edc02c7d4a0578
  SZTextView: 094dc6acc9beec537685c545d6e3e0d4975174e1
  TLTagsControl: 34ab7d25f282aa2b8b42e73cc71b96ffe9fa7a15

PODFILE CHECKSUM: b3bfb3cd35e430fea7602e3c4444785b68dca35d

COCOAPODS: 1.3.1
