PODS:
  - ACFloatingTextfield-Swift (1.7)
  - AFImageHelper (3.2.1)
  - Alamofire (4.7.0)
  - AlamofireImage (3.3.0):
    - Alamofire (~> 4.5)
  - Crashlytics (3.10.1):
    - Fabric (~> 1.7.5)
  - Fabric (1.7.6)
  - Firebase/Core (4.12.0):
    - FirebaseAnalytics (= 4.1.0)
    - FirebaseCore (= 4.0.19)
  - Firebase/Database (4.12.0):
    - Firebase/Core
    - FirebaseDatabase (= 4.1.5)
  - FirebaseAnalytics (4.1.0):
    - FirebaseCore (~> 4.0)
    - FirebaseInstanceID (~> 2.0)
    - GoogleToolboxForMac/NSData+zlib (~> 2.1)
    - nanopb (~> 0.3)
  - FirebaseCore (4.0.19):
    - GoogleToolboxForMac/NSData+zlib (~> 2.1)
  - FirebaseDatabase (4.1.5):
    - FirebaseAnalytics (~> 4.1)
    - FirebaseCore (~> 4.0)
    - leveldb-library (~> 1.18)
  - FirebaseInstanceID (2.0.10):
    - FirebaseCore (~> 4.0)
  - FXBlurView (1.6.4)
  - GoogleToolboxForMac/Defines (2.1.3)
  - GoogleToolboxForMac/NSData+zlib (2.1.3):
    - GoogleToolboxForMac/Defines (= 2.1.3)
  - IQKeyboardManager (5.0.8)
  - leveldb-library (1.20)
  - nanopb (0.3.8):
    - nanopb/decode (= 0.3.8)
    - nanopb/encode (= 0.3.8)
  - nanopb/decode (0.3.8)
  - nanopb/encode (0.3.8)
  - NSDate+TimeAgo (1.0.6)
  - Sheriff (0.3.2)
  - SinchRTC (3.12.4)
  - SwiftGifOrigin (1.6.1)
  - SwiftMoment (0.7)
  - SwiftValidators (7.0.3)
  - SZTextView (1.3.0)
  - TLTagsControl (1.0.0)

DEPENDENCIES:
  - ACFloatingTextfield-Swift (~> 1.7)
  - AFImageHelper
  - Alamofire
  - AlamofireImage
  - Crashlytics
  - Fabric
  - Firebase/Core
  - Firebase/Database
  - FXBlurView
  - IQKeyboardManager
  - NSDate+TimeAgo
  - Sheriff
  - SinchRTC
  - SwiftGifOrigin (~> 1.6.1)
  - SwiftMoment (from `https://github.com/danielyang112/SwiftMoment.git`)
  - SwiftValidators
  - SZTextView
  - TLTagsControl (from `https://github.com/danielyang112/TLTagsControl.git`)

EXTERNAL SOURCES:
  SwiftMoment:
    :git: https://github.com/danielyang112/SwiftMoment.git
  TLTagsControl:
    :git: https://github.com/danielyang112/TLTagsControl.git

CHECKOUT OPTIONS:
  SwiftMoment:
    :commit: afe8ee1cfc2742fcb505483fe8f4d8ae2d53be8f
    :git: https://github.com/danielyang112/SwiftMoment.git
  TLTagsControl:
    :commit: 872997c0b69c8ab3eda9e4f9715b0ebb734135bd
    :git: https://github.com/danielyang112/TLTagsControl.git

SPEC CHECKSUMS:
  ACFloatingTextfield-Swift: df075d5ed5d441d8603f985fc106ec7ebe0c673f
  AFImageHelper: 9142599fb4f826b480d177902ab7f0c961bc966c
  Alamofire: 907e0a98eb68cdb7f9d1f541a563d6ac5dc77b25
  AlamofireImage: 2e784dc5d00f04903a52c1d169181469c805c3df
  Crashlytics: aee1a064cbbf99b32efa3f056a5f458d846bc8ff
  Fabric: f8d42c893bb187326a7968b62abe55c36a987a46
  Firebase: d7fdf40e4d6c841849c52919f437fd3a0009ded0
  FirebaseAnalytics: 3dfae28d4a5e06f86c4fae830efc2ad3fadb19bc
  FirebaseCore: ff49ebb37e0f63a570d78c4f1c1c0befe8659d5c
  FirebaseDatabase: 5f0bc6134c5c237cf55f9e1249d406770a75eafd
  FirebaseInstanceID: 8d20d890d65c917f9f7d9950b6e10a760ad34321
  FXBlurView: db786c2561cb49a09ae98407f52460096ab8a44f
  GoogleToolboxForMac: 2501e2ad72a52eb3dfe7bd9aee7dad11b858bd20
  IQKeyboardManager: 266cb7b1d11f94a3e71229d77f960f9a1b538e5b
  leveldb-library: 08cba283675b7ed2d99629a4bc5fd052cd2bb6a5
  nanopb: 5601e6bca2dbf1ed831b519092ec110f66982ca3
  NSDate+TimeAgo: 35601c619b2d59290055e4fe76e61d97677a2360
  Sheriff: d3d03fe6d35aa781e3f42d48f3fb53ed7d04958d
  SinchRTC: 1b46443f85beeac406b0fd97eb98e1912c4e9dd8
  SwiftGifOrigin: d6679d3ebe9df2e049a84bc52582635107b581f6
  SwiftMoment: dc6dd27012e267819104cbb03f74ff9192dd0b42
  SwiftValidators: 660ce9ef3f0358c25c3a6154f7edc02c7d4a0578
  SZTextView: 094dc6acc9beec537685c545d6e3e0d4975174e1
  TLTagsControl: 34ab7d25f282aa2b8b42e73cc71b96ffe9fa7a15

PODFILE CHECKSUM: 44a10c446a56de10c78c3d8229695260230d31a7

COCOAPODS: 1.3.1
